# THIS IS AN AUTOGENERATED FILE. DO NOT EDIT THIS FILE DIRECTLY.
# yarn lockfile v1


<<<<<<< HEAD
coffeescript@^2.5.1:
  version "2.5.1"
  resolved "https://registry.yarnpkg.com/coffeescript/-/coffeescript-2.5.1.tgz#b2442a1f2c806139669534a54adc35010559d16a"
  integrity sha512-J2jRPX0eeFh5VKyVnoLrfVFgLZtnnmp96WQSLAS8OrLm2wtQLcnikYKe1gViJKDH7vucjuhHvBKKBP3rKcD1tQ==

create-react-class@^15.7.0:
  version "15.7.0"
  resolved "https://registry.yarnpkg.com/create-react-class/-/create-react-class-15.7.0.tgz#7499d7ca2e69bb51d13faf59bd04f0c65a1d6c1e"
  integrity sha512-QZv4sFWG9S5RUvkTYWbflxeZX+JG7Cz0Tn33rQBJ+WFQTqTfUTjMjiv9tnfXazjsO5r0KhPs+AqCjyrQX6h2ng==
  dependencies:
    loose-envify "^1.3.1"
    object-assign "^4.1.1"

"js-tokens@^3.0.0 || ^4.0.0":
  version "4.0.0"
  resolved "https://registry.yarnpkg.com/js-tokens/-/js-tokens-4.0.0.tgz#19203fb59991df98e3a287050d4647cdeaf32499"
  integrity sha512-RdJUflcE3cUzKiMqQgsCu06FPu9UdIJO0beYbPhHN4k6apgJtifcoCtT9bcxOpYBtpD2kCM6Sbzg4CausW/PKQ==

loose-envify@^1.3.1, loose-envify@^1.4.0:
  version "1.4.0"
  resolved "https://registry.yarnpkg.com/loose-envify/-/loose-envify-1.4.0.tgz#71ee51fa7be4caec1a63839f7e682d8132d30caf"
  integrity sha512-lyuxPGr/Wfhrlem2CL/UcnUc1zcqKAImBDzukY7Y5F/yQiNdko6+fRLevlw1HgMySw7f611UIY408EtxRSoK3Q==
  dependencies:
    js-tokens "^3.0.0 || ^4.0.0"

object-assign@^4.1.1:
  version "4.1.1"
  resolved "https://registry.yarnpkg.com/object-assign/-/object-assign-4.1.1.tgz#2109adc7965887cfc05cbbd442cac8bfbb360863"
  integrity sha1-IQmtx5ZYh8/AXLvUQsrIv7s2CGM=

prop-types@^15.7.2:
  version "15.7.2"
  resolved "https://registry.yarnpkg.com/prop-types/-/prop-types-15.7.2.tgz#52c41e75b8c87e72b9d9360e0206b99dcbffa6c5"
  integrity sha512-8QQikdH7//R2vurIJSutZ1smHYTcLpRWEOlHnzcWHmBYrOGUysKwSsrC89BCiFj3CbrfJ/nXFdJepOVrY1GCHQ==
  dependencies:
    loose-envify "^1.4.0"
    object-assign "^4.1.1"
    react-is "^16.8.1"

react-compound-timer@^1.2.0:
  version "1.2.0"
  resolved "https://registry.yarnpkg.com/react-compound-timer/-/react-compound-timer-1.2.0.tgz#52df2980dce0b63ddaf5718235a51188cb223d1d"
  integrity sha512-BEFT0Z/+vusfAy4Ci1+G5lr8mI+dk3ddRJuu1DIYA5xGS+5P+M0o4krHmFMKgHuaIY9H3xx0KCvf3ilb1+HFWA==

react-countdown-clock@^2.8.1:
  version "2.8.1"
  resolved "https://registry.yarnpkg.com/react-countdown-clock/-/react-countdown-clock-2.8.1.tgz#d7d68376a130851a752ac5c1c8e43902ee752485"
  integrity sha512-p4NpnWRSgJnLmC2iFZgs7raMKLY/YJtgI55FypjbxtBMGmh54pomHHe2fHq0JL/wUXBYhjqvtuYc4k0OwaFzSg==
  dependencies:
    coffeescript "^2.5.1"
    create-react-class "^15.7.0"
    prop-types "^15.7.2"

react-is@^16.8.1:
  version "16.13.1"
  resolved "https://registry.yarnpkg.com/react-is/-/react-is-16.13.1.tgz#789729a4dc36de2999dc156dd6c1d9c18cea56a4"
  integrity sha512-24e6ynE2H+OKt4kqsOvNd8kBpV65zoxbA4BVsEOB3ARVWQki/DHzaUoC5KuON/BiccDaCCTZBuOcfZs70kR8bQ==
=======
>>>>>>> ae1e67f87a1acf10e9844e51a470826b696844e7
